<?xml version="1.0" encoding="utf-8"?>
<Project ToolsVersion="4.0" xmlns="http://schemas.microsoft.com/developer/msbuild/2003">
  <ItemGroup>
    <ClInclude Include="Core.h" />
    <ClInclude Include="Types.h" />
    <ClInclude Include="Build.h" />
    <ClInclude Include="Heap.h">
      <Filter>Heap</Filter>
    </ClInclude>
    <ClInclude Include="LogCallback.h">
      <Filter>Debug</Filter>
    </ClInclude>
    <ClInclude Include="LogManager.h">
      <Filter>Debug</Filter>
    </ClInclude>
    <ClInclude Include="FrSerial.h">
      <Filter>Legacy</Filter>
    </ClInclude>
    <ClInclude Include="Array.h">
      <Filter>Containers</Filter>
    </ClInclude>
    <ClInclude Include="Utils.h" />
    <ClInclude Include="Profiler.h">
      <Filter>Profiler</Filter>
    </ClInclude>
    <ClInclude Include="Stack.h">
      <Filter>Containers</Filter>
    </ClInclude>
    <ClInclude Include="Namespace.h">
      <Filter>Namespace</Filter>
    </ClInclude>
    <ClInclude Include="String.h">
      <Filter>String</Filter>
    </ClInclude>
    <ClInclude Include="StringManager.h">
      <Filter>String</Filter>
    </ClInclude>
    <ClInclude Include="CString.h">
      <Filter>String</Filter>
    </ClInclude>
    <ClInclude Include="SmartPointer.h" />
    <ClInclude Include="FileManager.h">
      <Filter>FileManager</Filter>
    </ClInclude>
    <ClInclude Include="Stream.h" />
    <ClInclude Include="Queue.h">
      <Filter>Containers</Filter>
    </ClInclude>
    <ClInclude Include="JSon\JSon.h">
      <Filter>JSon</Filter>
    </ClInclude>
    <ClInclude Include="Map.h">
      <Filter>Containers</Filter>
    </ClInclude>
    <ClInclude Include="Text.h" />
    <ClInclude Include="HandleArray.h">
      <Filter>Containers</Filter>
    </ClInclude>
    <ClInclude Include="Lexer\Token.h">
      <Filter>Lexer</Filter>
    </ClInclude>
    <ClInclude Include="Lexer\Lexer.h">
      <Filter>Lexer</Filter>
    </ClInclude>
    <ClInclude Include="Buffer.h" />
  </ItemGroup>
  <ItemGroup>
    <ClCompile Include="Core.cpp" />
    <ClCompile Include="Heap.cpp">
      <Filter>Heap</Filter>
    </ClCompile>
    <ClCompile Include="LogManager.cpp">
      <Filter>Debug</Filter>
    </ClCompile>
    <ClCompile Include="Array.cpp">
      <Filter>Containers</Filter>
    </ClCompile>
    <ClCompile Include="Profiler.cpp">
      <Filter>Profiler</Filter>
    </ClCompile>
    <ClCompile Include="Namespace.cpp">
      <Filter>Namespace</Filter>
    </ClCompile>
    <ClCompile Include="StringManager.cpp">
      <Filter>String</Filter>
    </ClCompile>
    <ClCompile Include="FileManager.cpp">
      <Filter>FileManager</Filter>
    </ClCompile>
    <ClCompile Include="JSon\JSon.cpp">
      <Filter>JSon</Filter>
    </ClCompile>
    <ClCompile Include="JSon\TextJSon.cpp">
      <Filter>JSon</Filter>
    </ClCompile>
    <ClCompile Include="JSon\BinaryJSon.cpp">
      <Filter>JSon</Filter>
    </ClCompile>
    <ClCompile Include="Lexer\Lexer.cpp">
      <Filter>Lexer</Filter>
    </ClCompile>
    <ClCompile Include="Text.cpp" />
  </ItemGroup>
  <ItemGroup>
    <Filter Include="Heap">
      <UniqueIdentifier>{5b50bc07-a73d-4242-a65c-faf43d13eca0}</UniqueIdentifier>
    </Filter>
    <Filter Include="Debug">
      <UniqueIdentifier>{195a5c5d-4ca0-485a-a9c7-b9034fcd0f63}</UniqueIdentifier>
    </Filter>
    <Filter Include="Legacy">
      <UniqueIdentifier>{4f62d2f6-d359-45cd-96a4-cfa46bea2e71}</UniqueIdentifier>
    </Filter>
    <Filter Include="Containers">
      <UniqueIdentifier>{be39dcfe-f0e7-4628-8a53-8f7f435804af}</UniqueIdentifier>
    </Filter>
    <Filter Include="Profiler">
      <UniqueIdentifier>{a7f0b409-6b37-4060-90a6-a719c6b58afc}</UniqueIdentifier>
    </Filter>
    <Filter Include="Namespace">
      <UniqueIdentifier>{c9469f8e-9bd2-457f-a013-332a71c47f3a}</UniqueIdentifier>
    </Filter>
    <Filter Include="String">
      <UniqueIdentifier>{3b8d669b-3596-431f-9e31-c180fc55661d}</UniqueIdentifier>
    </Filter>
    <Filter Include="FileManager">
      <UniqueIdentifier>{cea095a8-9cab-4c40-b1d8-4d10cfc7171f}</UniqueIdentifier>
    </Filter>
    <Filter Include="JSon">
      <UniqueIdentifier>{2cfafcaf-da63-404e-8958-a517b384ed17}</UniqueIdentifier>
    </Filter>
    <Filter Include="Lexer">
      <UniqueIdentifier>{feb53eb7-7a22-4683-b8a5-e5d2a130e7a3}</UniqueIdentifier>
    </Filter>
  </ItemGroup>
</Project>