<?xml version="1.0" encoding="utf-8"?>
<Project ToolsVersion="4.0" xmlns="http://schemas.microsoft.com/developer/msbuild/2003">
  <ItemGroup>
    <ClInclude Include="Core.h" />
    <ClInclude Include="Types.h" />
    <ClInclude Include="Build.h" />
    <ClInclude Include="Heap.h">
      <Filter>Heap</Filter>
    </ClInclude>
    <ClInclude Include="LogCallback.h">
      <Filter>Debug</Filter>
    </ClInclude>
    <ClInclude Include="LogManager.h">
      <Filter>Debug</Filter>
    </ClInclude>
    <ClInclude Include="FrSerial.h">
      <Filter>Legacy</Filter>
    </ClInclude>
    <ClInclude Include="Array.h">
      <Filter>Containers</Filter>
    </ClInclude>
    <ClInclude Include="Utils.h" />
  </ItemGroup>
  <ItemGroup>
    <ClCompile Include="Core.cpp" />
    <ClCompile Include="Heap.cpp">
      <Filter>Heap</Filter>
    </ClCompile>
    <ClCompile Include="LogManager.cpp">
      <Filter>Debug</Filter>
    </ClCompile>
    <ClCompile Include="Array.cpp">
      <Filter>Containers</Filter>
    </ClCompile>
  </ItemGroup>
  <ItemGroup>
    <Filter Include="Heap">
      <UniqueIdentifier>{5b50bc07-a73d-4242-a65c-faf43d13eca0}</UniqueIdentifier>
    </Filter>
    <Filter Include="Debug">
      <UniqueIdentifier>{195a5c5d-4ca0-485a-a9c7-b9034fcd0f63}</UniqueIdentifier>
    </Filter>
    <Filter Include="Legacy">
      <UniqueIdentifier>{4f62d2f6-d359-45cd-96a4-cfa46bea2e71}</UniqueIdentifier>
    </Filter>
    <Filter Include="Containers">
      <UniqueIdentifier>{be39dcfe-f0e7-4628-8a53-8f7f435804af}</UniqueIdentifier>
    </Filter>
  </ItemGroup>
</Project>