<?xml version="1.0" encoding="utf-8"?>
<Project ToolsVersion="4.0" xmlns="http://schemas.microsoft.com/developer/msbuild/2003">
  <ItemGroup>
    <Filter Include="Core">
      <UniqueIdentifier>{36e49054-5c9c-4d3c-887e-eb078eb70e82}</UniqueIdentifier>
    </Filter>
    <Filter Include="Chart">
      <UniqueIdentifier>{5e664a5c-cced-49ac-9938-55079df1ea8b}</UniqueIdentifier>
    </Filter>
    <Filter Include="Environment">
      <UniqueIdentifier>{f7f30db1-352d-4e94-8ef3-9b1a401f8326}</UniqueIdentifier>
    </Filter>
    <Filter Include="Physics">
      <UniqueIdentifier>{3586a329-1e28-42e3-b7e6-defa4504171a}</UniqueIdentifier>
    </Filter>
    <Filter Include="PostFX">
      <UniqueIdentifier>{32f2e1f7-fd39-4120-91f7-c19aa1f55efb}</UniqueIdentifier>
    </Filter>
    <Filter Include="AI">
      <UniqueIdentifier>{e9e2383d-776d-4c38-ac8c-7989252e045b}</UniqueIdentifier>
    </Filter>
  </ItemGroup>
  <ItemGroup>
    <ClInclude Include="Core\FrBase.h">
      <Filter>Core</Filter>
    </ClInclude>
    <ClInclude Include="Core\FrClass.h">
      <Filter>Core</Filter>
    </ClInclude>
    <ClInclude Include="Core\FrEncode.h">
      <Filter>Core</Filter>
    </ClInclude>
    <ClInclude Include="Core\FrExpImp.h">
      <Filter>Core</Filter>
    </ClInclude>
    <ClInclude Include="Core\FrFile.h">
      <Filter>Core</Filter>
    </ClInclude>
    <ClInclude Include="Core\FrIni.h">
      <Filter>Core</Filter>
    </ClInclude>
    <ClInclude Include="Core\FrMap.h">
      <Filter>Core</Filter>
    </ClInclude>
    <ClInclude Include="Core\FrMath.h">
      <Filter>Core</Filter>
    </ClInclude>
    <ClInclude Include="Core\FrObject.h">
      <Filter>Core</Filter>
    </ClInclude>
    <ClInclude Include="Core\FrRand.h">
      <Filter>Core</Filter>
    </ClInclude>
    <ClInclude Include="FrCode.h" />
    <ClInclude Include="FrCollHash.h" />
    <ClInclude Include="FrCom.h" />
    <ClInclude Include="FrComTyp.h" />
    <ClInclude Include="FrDemoEff.h" />
    <ClInclude Include="FrEntity.h" />
    <ClInclude Include="FrEvent.h" />
    <ClInclude Include="FrFont.h" />
    <ClInclude Include="FrGFX.h" />
    <ClInclude Include="FrInput.h" />
    <ClInclude Include="FrLevel.h" />
    <ClInclude Include="FrOpCode.h" />
    <ClInclude Include="FrPath.h" />
    <ClInclude Include="FrPhysEng.h" />
    <ClInclude Include="FrProject.h" />
    <ClInclude Include="FrRender.h" />
    <ClInclude Include="FrRes.h" />
    <ClInclude Include="FrScript.h" />
    <ClInclude Include="Engine.h" />
    <ClInclude Include="FrAnim.h" />
    <ClInclude Include="FrApp.h" />
    <ClInclude Include="FrAudio.h" />
    <ClInclude Include="FrBitmap.h" />
    <ClInclude Include="FrBlock.h" />
    <ClInclude Include="Database.h" />
    <ClInclude Include="Core\FrMemory.h">
      <Filter>Core</Filter>
    </ClInclude>
    <ClInclude Include="FrSkelet.h" />
    <ClInclude Include="Core\FrCorUtils.h">
      <Filter>Core</Filter>
    </ClInclude>
    <ClInclude Include="FrModi.h" />
    <ClInclude Include="FrMaterial.h" />
    <ClInclude Include="Core\FrBuff.h">
      <Filter>Core</Filter>
    </ClInclude>
    <ClInclude Include="Core\FrNetBas.h">
      <Filter>Core</Filter>
    </ClInclude>
    <ClInclude Include="FrDbgDraw.h" />
    <ClInclude Include="Chart\EngineChart.h">
      <Filter>Chart</Filter>
    </ClInclude>
    <ClInclude Include="Chart\EngineProfiler.h">
      <Filter>Chart</Filter>
    </ClInclude>
    <ClInclude Include="Environment\Environment.h">
      <Filter>Environment</Filter>
    </ClInclude>
    <ClInclude Include="Environment\TimeOfDay.h">
      <Filter>Environment</Filter>
    </ClInclude>
    <ClInclude Include="Environment\EnvironmentContext.h">
      <Filter>Environment</Filter>
    </ClInclude>
    <ClInclude Include="Environment\Sky.h">
      <Filter>Environment</Filter>
    </ClInclude>
    <ClInclude Include="Environment\Satellite.h">
      <Filter>Environment</Filter>
    </ClInclude>
    <ClInclude Include="Physics\PhysicsUtils.h">
      <Filter>Physics</Filter>
    </ClInclude>
    <ClInclude Include="PostFX\FXTypes.h">
      <Filter>PostFX</Filter>
    </ClInclude>
    <ClInclude Include="AI\Navigator.h">
      <Filter>AI</Filter>
    </ClInclude>
    <ClInclude Include="AI\AIPhysics.h">
      <Filter>AI</Filter>
    </ClInclude>
  </ItemGroup>
  <ItemGroup>
    <ClCompile Include="Core\FrClass.cpp">
      <Filter>Core</Filter>
    </ClCompile>
    <ClCompile Include="Core\FrCore.cpp">
      <Filter>Core</Filter>
    </ClCompile>
    <ClCompile Include="Core\FrEncode.cpp">
      <Filter>Core</Filter>
    </ClCompile>
    <ClCompile Include="Core\FrMath.cpp">
      <Filter>Core</Filter>
    </ClCompile>
    <ClCompile Include="Core\FrObject.cpp">
      <Filter>Core</Filter>
    </ClCompile>
    <ClCompile Include="FrCode.cpp" />
    <ClCompile Include="FrCollision.cpp" />
    <ClCompile Include="FrComBas.cpp" />
    <ClCompile Include="FrDemoEff.cpp" />
    <ClCompile Include="FrEmit.cpp" />
    <ClCompile Include="FrFont.cpp" />
    <ClCompile Include="FrGFX.cpp" />
    <ClCompile Include="FrHUD.cpp" />
    <ClCompile Include="FrInput.cpp" />
    <ClCompile Include="FrLevel.cpp" />
    <ClCompile Include="FrLogic.cpp" />
    <ClCompile Include="FrModel.cpp" />
    <ClCompile Include="FrNative.cpp" />
    <ClCompile Include="FrPath.cpp" />
    <ClCompile Include="FrPhysEng.cpp" />
    <ClCompile Include="FrPhysic.cpp" />
    <ClCompile Include="FrPortal.cpp" />
    <ClCompile Include="FrProject.cpp" />
    <ClCompile Include="FrRes.cpp" />
    <ClCompile Include="FrScript.cpp" />
    <ClCompile Include="FrSprite.cpp" />
    <ClCompile Include="FrTest.cpp" />
    <ClCompile Include="FrThings.cpp" />
    <ClCompile Include="FrAI.cpp" />
    <ClCompile Include="FrAnim.cpp" />
    <ClCompile Include="FrApp.cpp" />
    <ClCompile Include="FrAudio.cpp" />
    <ClCompile Include="FrBitmap.cpp" />
    <ClCompile Include="FrBlock.cpp" />
    <ClCompile Include="FrCnvPrim.cpp" />
    <ClCompile Include="Engine.cpp" />
    <ClCompile Include="FrModi.cpp" />
    <ClCompile Include="FrSkelet.cpp" />
    <ClCompile Include="FrSkelAnim.cpp" />
    <ClCompile Include="FrMaterial.cpp" />
    <ClCompile Include="Core\FrIni.cpp">
      <Filter>Core</Filter>
    </ClCompile>
    <ClCompile Include="FrDbgDraw.cpp" />
    <ClCompile Include="Chart\EngineProfiler.cpp">
      <Filter>Chart</Filter>
    </ClCompile>
    <ClCompile Include="Chart\EngineChart.cpp">
      <Filter>Chart</Filter>
    </ClCompile>
    <ClCompile Include="Environment\Environment.cpp">
      <Filter>Environment</Filter>
    </ClCompile>
    <ClCompile Include="Environment\EnvironmentContext.cpp">
      <Filter>Environment</Filter>
    </ClCompile>
    <ClCompile Include="Environment\Satellite.cpp">
      <Filter>Environment</Filter>
    </ClCompile>
    <ClCompile Include="AI\Navigator.cpp">
      <Filter>AI</Filter>
    </ClCompile>
  </ItemGroup>
  <ItemGroup>
    <Natvis Include="Fluorine.natvis" />
  </ItemGroup>
</Project>