<?xml version="1.0" encoding="utf-8"?>
<Project ToolsVersion="4.0" xmlns="http://schemas.microsoft.com/developer/msbuild/2003">
  <ItemGroup>
    <ClInclude Include="Resource.h" />
    <ClInclude Include="ResourceManager.h" />
    <ClInclude Include="ResourceType.h" />
    <ClInclude Include="ResourceCompiler.h" />
    <ClInclude Include="ResourceId.h" />
    <ClInclude Include="ResourceSystem.h" />
    <ClInclude Include="FilesTracker.h" />
    <ClInclude Include="Package.h" />
    <ClInclude Include="NamesResolver.h" />
    <ClInclude Include="Listener.h" />
    <ClInclude Include="LocalStorage.h">
      <Filter>Storage</Filter>
    </ClInclude>
    <ClInclude Include="PackageStorage.h">
      <Filter>Storage</Filter>
    </ClInclude>
    <ClInclude Include="RemoteStorage.h">
      <Filter>Storage</Filter>
    </ClInclude>
  </ItemGroup>
  <ItemGroup>
    <ClCompile Include="Resource.cpp" />
    <ClCompile Include="ResourceManager.cpp" />
    <ClCompile Include="FilesTracker.cpp" />
    <ClCompile Include="Package.cpp" />
    <ClCompile Include="LocalStorage.cpp">
      <Filter>Storage</Filter>
    </ClCompile>
    <ClCompile Include="PackageStorage.cpp">
      <Filter>Storage</Filter>
    </ClCompile>
    <ClCompile Include="RemoteStorage.cpp">
      <Filter>Storage</Filter>
    </ClCompile>
  </ItemGroup>
  <ItemGroup>
    <Filter Include="Storage">
      <UniqueIdentifier>{abaf77b6-f9ab-41f2-9787-2dc01c9f296d}</UniqueIdentifier>
    </Filter>
  </ItemGroup>
</Project>