<?xml version="1.0" encoding="utf-8"?>
<Project ToolsVersion="4.0" xmlns="http://schemas.microsoft.com/developer/msbuild/2003">
  <ItemGroup>
    <ClInclude Include="Window.h" />
    <ClInclude Include="FrPlat.h" />
    <ClInclude Include="LogCallbackFile.h">
      <Filter>LogCallbacks</Filter>
    </ClInclude>
    <ClInclude Include="LogCallbackConsole.h">
      <Filter>LogCallbacks</Filter>
    </ClInclude>
    <ClInclude Include="LogCallbackDebug.h">
      <Filter>LogCallbacks</Filter>
    </ClInclude>
    <ClInclude Include="StackTrace.h" />
  </ItemGroup>
  <ItemGroup>
    <ClCompile Include="Window.cpp" />
    <ClCompile Include="FrWinDlg.cpp" />
    <ClCompile Include="FrWinRes.cpp" />
    <ClCompile Include="FrPlat.cpp" />
    <ClCompile Include="StackTrace.cpp" />
  </ItemGroup>
  <ItemGroup>
    <Filter Include="LogCallbacks">
      <UniqueIdentifier>{844130a5-91ba-4fb0-85e0-9823cae27038}</UniqueIdentifier>
    </Filter>
  </ItemGroup>
</Project>