<?xml version="1.0" encoding="utf-8"?>
<Project ToolsVersion="4.0" xmlns="http://schemas.microsoft.com/developer/msbuild/2003">
  <ItemGroup>
    <ClCompile Include="Network.cpp" />
    <ClCompile Include="NetworkManager.cpp" />
    <ClCompile Include="UDP.cpp" />
    <ClCompile Include="TCP.cpp" />
  </ItemGroup>
  <ItemGroup>
    <ClInclude Include="Network.h" />
    <ClInclude Include="Types.h" />
    <ClInclude Include="Interfaces.h" />
    <ClInclude Include="NetworkManager.h" />
  </ItemGroup>
</Project>