<?xml version="1.0" encoding="utf-8"?>
<Project ToolsVersion="4.0" xmlns="http://schemas.microsoft.com/developer/msbuild/2003">
  <ItemGroup>
    <ClCompile Include="Network.cpp" />
    <ClCompile Include="FrConnect.cpp" />
    <ClCompile Include="FrNetUtils.cpp" />
  </ItemGroup>
  <ItemGroup>
    <ClInclude Include="Network.h" />
    <ClInclude Include="FrConnect.h" />
  </ItemGroup>
</Project>