
Microsoft Visual Studio Solution File, Format Version 12.00
# Visual Studio 15
VisualStudioVersion = 15.0.28010.2036
MinimumVisualStudioVersion = 10.0.40219.1
Project("{8BC9CEB8-8B4A-11D0-8D11-00A0C91BC942}") = "Engine", "Engine\Engine.vcxproj", "{21CD5A96-8CFC-4B02-9993-CFA046A96865}"
	ProjectSection(ProjectDependencies) = postProject
		{100D0621-9F4F-4FAE-8E84-BEDAB0E3D782} = {100D0621-9F4F-4FAE-8E84-BEDAB0E3D782}
		{8A080430-0D2D-48FD-AB62-5FED86B0359C} = {8A080430-0D2D-48FD-AB62-5FED86B0359C}
		{498A0D39-D6C1-426A-B645-6FFE1A83A3C8} = {498A0D39-D6C1-426A-B645-6FFE1A83A3C8}
		{9B15CE6C-0F19-4126-91F8-8B12C72D7A14} = {9B15CE6C-0F19-4126-91F8-8B12C72D7A14}
		{F76E1777-D090-478F-B405-8994D0B5FF56} = {F76E1777-D090-478F-B405-8994D0B5FF56}
		{D223FC7D-F946-4E8E-9194-BC4A065AE7EA} = {D223FC7D-F946-4E8E-9194-BC4A065AE7EA}
		{1F8180B0-B7B5-49F2-B807-A6CFE95B3C73} = {1F8180B0-B7B5-49F2-B807-A6CFE95B3C73}
		{7E7B25F5-F77D-47B3-9BA4-07400CF4EC68} = {7E7B25F5-F77D-47B3-9BA4-07400CF4EC68}
	EndProjectSection
EndProject
Project("{8BC9CEB8-8B4A-11D0-8D11-00A0C91BC942}") = "GUI", "GUI\GUI.vcxproj", "{74DD9ED6-B2C7-42AA-A4D6-57C57E9CC2AD}"
	ProjectSection(ProjectDependencies) = postProject
		{100D0621-9F4F-4FAE-8E84-BEDAB0E3D782} = {100D0621-9F4F-4FAE-8E84-BEDAB0E3D782}
		{8A080430-0D2D-48FD-AB62-5FED86B0359C} = {8A080430-0D2D-48FD-AB62-5FED86B0359C}
		{9B15CE6C-0F19-4126-91F8-8B12C72D7A14} = {9B15CE6C-0F19-4126-91F8-8B12C72D7A14}
		{F76E1777-D090-478F-B405-8994D0B5FF56} = {F76E1777-D090-478F-B405-8994D0B5FF56}
		{D223FC7D-F946-4E8E-9194-BC4A065AE7EA} = {D223FC7D-F946-4E8E-9194-BC4A065AE7EA}
		{21CD5A96-8CFC-4B02-9993-CFA046A96865} = {21CD5A96-8CFC-4B02-9993-CFA046A96865}
		{7E7B25F5-F77D-47B3-9BA4-07400CF4EC68} = {7E7B25F5-F77D-47B3-9BA4-07400CF4EC68}
	EndProjectSection
EndProject
Project("{8BC9CEB8-8B4A-11D0-8D11-00A0C91BC942}") = "OpenGL", "OpenGL\OpenGL.vcxproj", "{2B8B514F-33BA-4B6C-A27D-8728C2CCD426}"
	ProjectSection(ProjectDependencies) = postProject
		{100D0621-9F4F-4FAE-8E84-BEDAB0E3D782} = {100D0621-9F4F-4FAE-8E84-BEDAB0E3D782}
		{F76E1777-D090-478F-B405-8994D0B5FF56} = {F76E1777-D090-478F-B405-8994D0B5FF56}
		{D223FC7D-F946-4E8E-9194-BC4A065AE7EA} = {D223FC7D-F946-4E8E-9194-BC4A065AE7EA}
		{21CD5A96-8CFC-4B02-9993-CFA046A96865} = {21CD5A96-8CFC-4B02-9993-CFA046A96865}
	EndProjectSection
EndProject
Project("{8BC9CEB8-8B4A-11D0-8D11-00A0C91BC942}") = "OpenAL", "OpenAL\OpenAL.vcxproj", "{ED090415-2DE5-4779-8ABA-E06ABE1D440D}"
	ProjectSection(ProjectDependencies) = postProject
		{F76E1777-D090-478F-B405-8994D0B5FF56} = {F76E1777-D090-478F-B405-8994D0B5FF56}
		{D223FC7D-F946-4E8E-9194-BC4A065AE7EA} = {D223FC7D-F946-4E8E-9194-BC4A065AE7EA}
		{21CD5A96-8CFC-4B02-9993-CFA046A96865} = {21CD5A96-8CFC-4B02-9993-CFA046A96865}
	EndProjectSection
EndProject
Project("{8BC9CEB8-8B4A-11D0-8D11-00A0C91BC942}") = "Editor", "Editor\Editor.vcxproj", "{53A7DB62-F429-42A0-BDCE-D5B5C6B9A476}"
	ProjectSection(ProjectDependencies) = postProject
		{ED090415-2DE5-4779-8ABA-E06ABE1D440D} = {ED090415-2DE5-4779-8ABA-E06ABE1D440D}
		{100D0621-9F4F-4FAE-8E84-BEDAB0E3D782} = {100D0621-9F4F-4FAE-8E84-BEDAB0E3D782}
		{C3A7D121-2196-4502-87ED-19867475B064} = {C3A7D121-2196-4502-87ED-19867475B064}
		{8A080430-0D2D-48FD-AB62-5FED86B0359C} = {8A080430-0D2D-48FD-AB62-5FED86B0359C}
		{9B15CE6C-0F19-4126-91F8-8B12C72D7A14} = {9B15CE6C-0F19-4126-91F8-8B12C72D7A14}
		{F76E1777-D090-478F-B405-8994D0B5FF56} = {F76E1777-D090-478F-B405-8994D0B5FF56}
		{D223FC7D-F946-4E8E-9194-BC4A065AE7EA} = {D223FC7D-F946-4E8E-9194-BC4A065AE7EA}
		{95A0A188-FEB1-4146-9B8D-FDD6E669D535} = {95A0A188-FEB1-4146-9B8D-FDD6E669D535}
		{21CD5A96-8CFC-4B02-9993-CFA046A96865} = {21CD5A96-8CFC-4B02-9993-CFA046A96865}
		{79EBE2AC-8C66-4918-B769-5594C74BE223} = {79EBE2AC-8C66-4918-B769-5594C74BE223}
		{B8135FB7-5DE7-49BC-ABBB-240AD59502CA} = {B8135FB7-5DE7-49BC-ABBB-240AD59502CA}
		{74DD9ED6-B2C7-42AA-A4D6-57C57E9CC2AD} = {74DD9ED6-B2C7-42AA-A4D6-57C57E9CC2AD}
		{A4E254F2-67A1-4789-81CA-C700A008CAE9} = {A4E254F2-67A1-4789-81CA-C700A008CAE9}
		{7E7B25F5-F77D-47B3-9BA4-07400CF4EC68} = {7E7B25F5-F77D-47B3-9BA4-07400CF4EC68}
	EndProjectSection
EndProject
Project("{8BC9CEB8-8B4A-11D0-8D11-00A0C91BC942}") = "Game", "Game\Game.vcxproj", "{31F98A5E-2DD6-42F5-BAC4-E24A994B4152}"
	ProjectSection(ProjectDependencies) = postProject
		{ED090415-2DE5-4779-8ABA-E06ABE1D440D} = {ED090415-2DE5-4779-8ABA-E06ABE1D440D}
		{100D0621-9F4F-4FAE-8E84-BEDAB0E3D782} = {100D0621-9F4F-4FAE-8E84-BEDAB0E3D782}
		{C3A7D121-2196-4502-87ED-19867475B064} = {C3A7D121-2196-4502-87ED-19867475B064}
		{8A080430-0D2D-48FD-AB62-5FED86B0359C} = {8A080430-0D2D-48FD-AB62-5FED86B0359C}
		{9B15CE6C-0F19-4126-91F8-8B12C72D7A14} = {9B15CE6C-0F19-4126-91F8-8B12C72D7A14}
		{F76E1777-D090-478F-B405-8994D0B5FF56} = {F76E1777-D090-478F-B405-8994D0B5FF56}
		{D223FC7D-F946-4E8E-9194-BC4A065AE7EA} = {D223FC7D-F946-4E8E-9194-BC4A065AE7EA}
		{95A0A188-FEB1-4146-9B8D-FDD6E669D535} = {95A0A188-FEB1-4146-9B8D-FDD6E669D535}
		{21CD5A96-8CFC-4B02-9993-CFA046A96865} = {21CD5A96-8CFC-4B02-9993-CFA046A96865}
		{B8135FB7-5DE7-49BC-ABBB-240AD59502CA} = {B8135FB7-5DE7-49BC-ABBB-240AD59502CA}
		{A4E254F2-67A1-4789-81CA-C700A008CAE9} = {A4E254F2-67A1-4789-81CA-C700A008CAE9}
		{7E7B25F5-F77D-47B3-9BA4-07400CF4EC68} = {7E7B25F5-F77D-47B3-9BA4-07400CF4EC68}
	EndProjectSection
EndProject
Project("{8BC9CEB8-8B4A-11D0-8D11-00A0C91BC942}") = "Window", "Window\Window.vcxproj", "{C3A7D121-2196-4502-87ED-19867475B064}"
	ProjectSection(ProjectDependencies) = postProject
		{D223FC7D-F946-4E8E-9194-BC4A065AE7EA} = {D223FC7D-F946-4E8E-9194-BC4A065AE7EA}
		{21CD5A96-8CFC-4B02-9993-CFA046A96865} = {21CD5A96-8CFC-4B02-9993-CFA046A96865}
	EndProjectSection
EndProject
Project("{8BC9CEB8-8B4A-11D0-8D11-00A0C91BC942}") = "Compiler", "Compiler\Compiler.vcxproj", "{79EBE2AC-8C66-4918-B769-5594C74BE223}"
	ProjectSection(ProjectDependencies) = postProject
		{F76E1777-D090-478F-B405-8994D0B5FF56} = {F76E1777-D090-478F-B405-8994D0B5FF56}
		{D223FC7D-F946-4E8E-9194-BC4A065AE7EA} = {D223FC7D-F946-4E8E-9194-BC4A065AE7EA}
		{21CD5A96-8CFC-4B02-9993-CFA046A96865} = {21CD5A96-8CFC-4B02-9993-CFA046A96865}
	EndProjectSection
EndProject
Project("{2150E333-8FDC-42A3-9474-1A3956D46DE8}") = "Executables", "Executables", "{A0589F87-F4DE-40EB-8B8C-FEA25CA9E2C0}"
EndProject
Project("{2150E333-8FDC-42A3-9474-1A3956D46DE8}") = "Library", "Library", "{BD2942FD-F883-47A3-A297-5F090B471F23}"
EndProject
Project("{8BC9CEB8-8B4A-11D0-8D11-00A0C91BC942}") = "Shell", "Shell\Shell.vcxproj", "{FFA50111-268E-4803-BF4B-37D9BD4FB159}"
	ProjectSection(ProjectDependencies) = postProject
		{C3A7D121-2196-4502-87ED-19867475B064} = {C3A7D121-2196-4502-87ED-19867475B064}
		{F76E1777-D090-478F-B405-8994D0B5FF56} = {F76E1777-D090-478F-B405-8994D0B5FF56}
		{D223FC7D-F946-4E8E-9194-BC4A065AE7EA} = {D223FC7D-F946-4E8E-9194-BC4A065AE7EA}
		{21CD5A96-8CFC-4B02-9993-CFA046A96865} = {21CD5A96-8CFC-4B02-9993-CFA046A96865}
		{79EBE2AC-8C66-4918-B769-5594C74BE223} = {79EBE2AC-8C66-4918-B769-5594C74BE223}
		{B8135FB7-5DE7-49BC-ABBB-240AD59502CA} = {B8135FB7-5DE7-49BC-ABBB-240AD59502CA}
		{A4E254F2-67A1-4789-81CA-C700A008CAE9} = {A4E254F2-67A1-4789-81CA-C700A008CAE9}
		{7E7B25F5-F77D-47B3-9BA4-07400CF4EC68} = {7E7B25F5-F77D-47B3-9BA4-07400CF4EC68}
	EndProjectSection
EndProject
Project("{8BC9CEB8-8B4A-11D0-8D11-00A0C91BC942}") = "Network", "Network\Network.vcxproj", "{B8135FB7-5DE7-49BC-ABBB-240AD59502CA}"
	ProjectSection(ProjectDependencies) = postProject
		{D223FC7D-F946-4E8E-9194-BC4A065AE7EA} = {D223FC7D-F946-4E8E-9194-BC4A065AE7EA}
	EndProjectSection
EndProject
Project("{8BC9CEB8-8B4A-11D0-8D11-00A0C91BC942}") = "Core", "Core\Core.vcxproj", "{D223FC7D-F946-4E8E-9194-BC4A065AE7EA}"
EndProject
Project("{8BC9CEB8-8B4A-11D0-8D11-00A0C91BC942}") = "Tests", "Tests\Tests.vcxproj", "{95A0A188-FEB1-4146-9B8D-FDD6E669D535}"
	ProjectSection(ProjectDependencies) = postProject
		{C3A7D121-2196-4502-87ED-19867475B064} = {C3A7D121-2196-4502-87ED-19867475B064}
		{F76E1777-D090-478F-B405-8994D0B5FF56} = {F76E1777-D090-478F-B405-8994D0B5FF56}
		{D223FC7D-F946-4E8E-9194-BC4A065AE7EA} = {D223FC7D-F946-4E8E-9194-BC4A065AE7EA}
		{21CD5A96-8CFC-4B02-9993-CFA046A96865} = {21CD5A96-8CFC-4B02-9993-CFA046A96865}
	EndProjectSection
EndProject
Project("{8BC9CEB8-8B4A-11D0-8D11-00A0C91BC942}") = "Math", "Math\Math.vcxproj", "{F76E1777-D090-478F-B405-8994D0B5FF56}"
	ProjectSection(ProjectDependencies) = postProject
		{D223FC7D-F946-4E8E-9194-BC4A065AE7EA} = {D223FC7D-F946-4E8E-9194-BC4A065AE7EA}
	EndProjectSection
EndProject
Project("{8BC9CEB8-8B4A-11D0-8D11-00A0C91BC942}") = "Render", "Render\Render.vcxproj", "{100D0621-9F4F-4FAE-8E84-BEDAB0E3D782}"
	ProjectSection(ProjectDependencies) = postProject
		{F76E1777-D090-478F-B405-8994D0B5FF56} = {F76E1777-D090-478F-B405-8994D0B5FF56}
		{D223FC7D-F946-4E8E-9194-BC4A065AE7EA} = {D223FC7D-F946-4E8E-9194-BC4A065AE7EA}
	EndProjectSection
EndProject
Project("{8BC9CEB8-8B4A-11D0-8D11-00A0C91BC942}") = "DirectX11", "DirectX11\DirectX11.vcxproj", "{A4E254F2-67A1-4789-81CA-C700A008CAE9}"
	ProjectSection(ProjectDependencies) = postProject
		{100D0621-9F4F-4FAE-8E84-BEDAB0E3D782} = {100D0621-9F4F-4FAE-8E84-BEDAB0E3D782}
		{F76E1777-D090-478F-B405-8994D0B5FF56} = {F76E1777-D090-478F-B405-8994D0B5FF56}
		{D223FC7D-F946-4E8E-9194-BC4A065AE7EA} = {D223FC7D-F946-4E8E-9194-BC4A065AE7EA}
	EndProjectSection
EndProject
Project("{8BC9CEB8-8B4A-11D0-8D11-00A0C91BC942}") = "FFX", "FFX\FFX.vcxproj", "{8A080430-0D2D-48FD-AB62-5FED86B0359C}"
	ProjectSection(ProjectDependencies) = postProject
		{100D0621-9F4F-4FAE-8E84-BEDAB0E3D782} = {100D0621-9F4F-4FAE-8E84-BEDAB0E3D782}
		{F76E1777-D090-478F-B405-8994D0B5FF56} = {F76E1777-D090-478F-B405-8994D0B5FF56}
		{D223FC7D-F946-4E8E-9194-BC4A065AE7EA} = {D223FC7D-F946-4E8E-9194-BC4A065AE7EA}
		{7E7B25F5-F77D-47B3-9BA4-07400CF4EC68} = {7E7B25F5-F77D-47B3-9BA4-07400CF4EC68}
	EndProjectSection
EndProject
Project("{8BC9CEB8-8B4A-11D0-8D11-00A0C91BC942}") = "Resource", "Resource\Resource.vcxproj", "{7E7B25F5-F77D-47B3-9BA4-07400CF4EC68}"
	ProjectSection(ProjectDependencies) = postProject
		{D223FC7D-F946-4E8E-9194-BC4A065AE7EA} = {D223FC7D-F946-4E8E-9194-BC4A065AE7EA}
		{B8135FB7-5DE7-49BC-ABBB-240AD59502CA} = {B8135FB7-5DE7-49BC-ABBB-240AD59502CA}
	EndProjectSection
EndProject
Project("{2150E333-8FDC-42A3-9474-1A3956D46DE8}") = "ThirdParty", "ThirdParty", "{EAF2BA69-CCAF-41B9-9E1A-EB223C37B8C1}"
EndProject
Project("{8BC9CEB8-8B4A-11D0-8D11-00A0C91BC942}") = "Image", "Image\Image.vcxproj", "{498A0D39-D6C1-426A-B645-6FFE1A83A3C8}"
	ProjectSection(ProjectDependencies) = postProject
		{06952909-898A-43E8-96AD-C77DC40D8000} = {06952909-898A-43E8-96AD-C77DC40D8000}
		{100D0621-9F4F-4FAE-8E84-BEDAB0E3D782} = {100D0621-9F4F-4FAE-8E84-BEDAB0E3D782}
		{F76E1777-D090-478F-B405-8994D0B5FF56} = {F76E1777-D090-478F-B405-8994D0B5FF56}
		{D223FC7D-F946-4E8E-9194-BC4A065AE7EA} = {D223FC7D-F946-4E8E-9194-BC4A065AE7EA}
		{7E7B25F5-F77D-47B3-9BA4-07400CF4EC68} = {7E7B25F5-F77D-47B3-9BA4-07400CF4EC68}
	EndProjectSection
EndProject
Project("{8BC9CEB8-8B4A-11D0-8D11-00A0C91BC942}") = "lodepng", "ThirdParty\lodepng\lodepng.vcxproj", "{06952909-898A-43E8-96AD-C77DC40D8000}"
EndProject
Project("{8BC9CEB8-8B4A-11D0-8D11-00A0C91BC942}") = "Font", "Font\Font.vcxproj", "{1F8180B0-B7B5-49F2-B807-A6CFE95B3C73}"
	ProjectSection(ProjectDependencies) = postProject
		{100D0621-9F4F-4FAE-8E84-BEDAB0E3D782} = {100D0621-9F4F-4FAE-8E84-BEDAB0E3D782}
		{498A0D39-D6C1-426A-B645-6FFE1A83A3C8} = {498A0D39-D6C1-426A-B645-6FFE1A83A3C8}
		{F76E1777-D090-478F-B405-8994D0B5FF56} = {F76E1777-D090-478F-B405-8994D0B5FF56}
		{D223FC7D-F946-4E8E-9194-BC4A065AE7EA} = {D223FC7D-F946-4E8E-9194-BC4A065AE7EA}
		{7E7B25F5-F77D-47B3-9BA4-07400CF4EC68} = {7E7B25F5-F77D-47B3-9BA4-07400CF4EC68}
	EndProjectSection
EndProject
Project("{8BC9CEB8-8B4A-11D0-8D11-00A0C91BC942}") = "Input", "Input\Input.vcxproj", "{9B15CE6C-0F19-4126-91F8-8B12C72D7A14}"
	ProjectSection(ProjectDependencies) = postProject
		{F76E1777-D090-478F-B405-8994D0B5FF56} = {F76E1777-D090-478F-B405-8994D0B5FF56}
		{D223FC7D-F946-4E8E-9194-BC4A065AE7EA} = {D223FC7D-F946-4E8E-9194-BC4A065AE7EA}
	EndProjectSection
EndProject
Project("{8BC9CEB8-8B4A-11D0-8D11-00A0C91BC942}") = "XBoxGame", "XBoxGame\XBoxGame.vcxproj", "{EC8C445A-86B5-4B96-B60E-45AD89F2522A}"
	ProjectSection(ProjectDependencies) = postProject
		{06952909-898A-43E8-96AD-C77DC40D8000} = {06952909-898A-43E8-96AD-C77DC40D8000}
		{100D0621-9F4F-4FAE-8E84-BEDAB0E3D782} = {100D0621-9F4F-4FAE-8E84-BEDAB0E3D782}
		{C3A7D121-2196-4502-87ED-19867475B064} = {C3A7D121-2196-4502-87ED-19867475B064}
		{8A080430-0D2D-48FD-AB62-5FED86B0359C} = {8A080430-0D2D-48FD-AB62-5FED86B0359C}
		{498A0D39-D6C1-426A-B645-6FFE1A83A3C8} = {498A0D39-D6C1-426A-B645-6FFE1A83A3C8}
		{9B15CE6C-0F19-4126-91F8-8B12C72D7A14} = {9B15CE6C-0F19-4126-91F8-8B12C72D7A14}
		{F76E1777-D090-478F-B405-8994D0B5FF56} = {F76E1777-D090-478F-B405-8994D0B5FF56}
		{D223FC7D-F946-4E8E-9194-BC4A065AE7EA} = {D223FC7D-F946-4E8E-9194-BC4A065AE7EA}
		{21CD5A96-8CFC-4B02-9993-CFA046A96865} = {21CD5A96-8CFC-4B02-9993-CFA046A96865}
		{1F8180B0-B7B5-49F2-B807-A6CFE95B3C73} = {1F8180B0-B7B5-49F2-B807-A6CFE95B3C73}
		{B8135FB7-5DE7-49BC-ABBB-240AD59502CA} = {B8135FB7-5DE7-49BC-ABBB-240AD59502CA}
		{A4E254F2-67A1-4789-81CA-C700A008CAE9} = {A4E254F2-67A1-4789-81CA-C700A008CAE9}
		{7E7B25F5-F77D-47B3-9BA4-07400CF4EC68} = {7E7B25F5-F77D-47B3-9BA4-07400CF4EC68}
	EndProjectSection
EndProject
Global
	GlobalSection(SolutionConfigurationPlatforms) = preSolution
		Debug|Scorpio x64 = Debug|Scorpio x64
		Debug|Win x64 = Debug|Win x64
		Debug|Win x86 = Debug|Win x86
		Release|Scorpio x64 = Release|Scorpio x64
		Release|Win x64 = Release|Win x64
		Release|Win x86 = Release|Win x86
	EndGlobalSection
	GlobalSection(ProjectConfigurationPlatforms) = postSolution
		{21CD5A96-8CFC-4B02-9993-CFA046A96865}.Debug|Scorpio x64.ActiveCfg = Scorpio_Debug|x64
		{21CD5A96-8CFC-4B02-9993-CFA046A96865}.Debug|Scorpio x64.Build.0 = Scorpio_Debug|x64
		{21CD5A96-8CFC-4B02-9993-CFA046A96865}.Debug|Win x64.ActiveCfg = Debug|x64
		{21CD5A96-8CFC-4B02-9993-CFA046A96865}.Debug|Win x64.Build.0 = Debug|x64
		{21CD5A96-8CFC-4B02-9993-CFA046A96865}.Debug|Win x86.ActiveCfg = Debug|Win32
		{21CD5A96-8CFC-4B02-9993-CFA046A96865}.Debug|Win x86.Build.0 = Debug|Win32
		{21CD5A96-8CFC-4B02-9993-CFA046A96865}.Release|Scorpio x64.ActiveCfg = Scorpio_Release|x64
		{21CD5A96-8CFC-4B02-9993-CFA046A96865}.Release|Scorpio x64.Build.0 = Scorpio_Release|x64
		{21CD5A96-8CFC-4B02-9993-CFA046A96865}.Release|Win x64.ActiveCfg = Release|x64
		{21CD5A96-8CFC-4B02-9993-CFA046A96865}.Release|Win x64.Build.0 = Release|x64
		{21CD5A96-8CFC-4B02-9993-CFA046A96865}.Release|Win x86.ActiveCfg = Release|Win32
		{21CD5A96-8CFC-4B02-9993-CFA046A96865}.Release|Win x86.Build.0 = Release|Win32
		{74DD9ED6-B2C7-42AA-A4D6-57C57E9CC2AD}.Debug|Scorpio x64.ActiveCfg = Scorpio_Debug|x64
		{74DD9ED6-B2C7-42AA-A4D6-57C57E9CC2AD}.Debug|Scorpio x64.Build.0 = Scorpio_Debug|x64
		{74DD9ED6-B2C7-42AA-A4D6-57C57E9CC2AD}.Debug|Win x64.ActiveCfg = Debug|x64
		{74DD9ED6-B2C7-42AA-A4D6-57C57E9CC2AD}.Debug|Win x64.Build.0 = Debug|x64
		{74DD9ED6-B2C7-42AA-A4D6-57C57E9CC2AD}.Debug|Win x86.ActiveCfg = Debug|Win32
		{74DD9ED6-B2C7-42AA-A4D6-57C57E9CC2AD}.Debug|Win x86.Build.0 = Debug|Win32
		{74DD9ED6-B2C7-42AA-A4D6-57C57E9CC2AD}.Release|Scorpio x64.ActiveCfg = Scorpio_Release|x64
		{74DD9ED6-B2C7-42AA-A4D6-57C57E9CC2AD}.Release|Scorpio x64.Build.0 = Scorpio_Release|x64
		{74DD9ED6-B2C7-42AA-A4D6-57C57E9CC2AD}.Release|Win x64.ActiveCfg = Release|x64
		{74DD9ED6-B2C7-42AA-A4D6-57C57E9CC2AD}.Release|Win x64.Build.0 = Release|x64
		{74DD9ED6-B2C7-42AA-A4D6-57C57E9CC2AD}.Release|Win x86.ActiveCfg = Release|Win32
		{74DD9ED6-B2C7-42AA-A4D6-57C57E9CC2AD}.Release|Win x86.Build.0 = Release|Win32
		{2B8B514F-33BA-4B6C-A27D-8728C2CCD426}.Debug|Scorpio x64.ActiveCfg = Scorpio_Debug|x64
		{2B8B514F-33BA-4B6C-A27D-8728C2CCD426}.Debug|Win x64.ActiveCfg = Debug|x64
		{2B8B514F-33BA-4B6C-A27D-8728C2CCD426}.Debug|Win x64.Build.0 = Debug|x64
		{2B8B514F-33BA-4B6C-A27D-8728C2CCD426}.Debug|Win x86.ActiveCfg = Debug|Win32
		{2B8B514F-33BA-4B6C-A27D-8728C2CCD426}.Debug|Win x86.Build.0 = Debug|Win32
		{2B8B514F-33BA-4B6C-A27D-8728C2CCD426}.Release|Scorpio x64.ActiveCfg = Scorpio_Release|x64
		{2B8B514F-33BA-4B6C-A27D-8728C2CCD426}.Release|Win x64.ActiveCfg = Release|x64
		{2B8B514F-33BA-4B6C-A27D-8728C2CCD426}.Release|Win x64.Build.0 = Release|x64
		{2B8B514F-33BA-4B6C-A27D-8728C2CCD426}.Release|Win x86.ActiveCfg = Release|Win32
		{2B8B514F-33BA-4B6C-A27D-8728C2CCD426}.Release|Win x86.Build.0 = Release|Win32
		{ED090415-2DE5-4779-8ABA-E06ABE1D440D}.Debug|Scorpio x64.ActiveCfg = Scorpio_Debug|x64
		{ED090415-2DE5-4779-8ABA-E06ABE1D440D}.Debug|Scorpio x64.Build.0 = Scorpio_Debug|x64
		{ED090415-2DE5-4779-8ABA-E06ABE1D440D}.Debug|Win x64.ActiveCfg = Debug|x64
		{ED090415-2DE5-4779-8ABA-E06ABE1D440D}.Debug|Win x64.Build.0 = Debug|x64
		{ED090415-2DE5-4779-8ABA-E06ABE1D440D}.Debug|Win x86.ActiveCfg = Debug|Win32
		{ED090415-2DE5-4779-8ABA-E06ABE1D440D}.Debug|Win x86.Build.0 = Debug|Win32
		{ED090415-2DE5-4779-8ABA-E06ABE1D440D}.Release|Scorpio x64.ActiveCfg = Scorpio_Release|x64
		{ED090415-2DE5-4779-8ABA-E06ABE1D440D}.Release|Scorpio x64.Build.0 = Scorpio_Release|x64
		{ED090415-2DE5-4779-8ABA-E06ABE1D440D}.Release|Win x64.ActiveCfg = Release|x64
		{ED090415-2DE5-4779-8ABA-E06ABE1D440D}.Release|Win x64.Build.0 = Release|x64
		{ED090415-2DE5-4779-8ABA-E06ABE1D440D}.Release|Win x86.ActiveCfg = Release|Win32
		{ED090415-2DE5-4779-8ABA-E06ABE1D440D}.Release|Win x86.Build.0 = Release|Win32
		{53A7DB62-F429-42A0-BDCE-D5B5C6B9A476}.Debug|Scorpio x64.ActiveCfg = Scorpio_Debug|x64
		{53A7DB62-F429-42A0-BDCE-D5B5C6B9A476}.Debug|Win x64.ActiveCfg = Debug|x64
		{53A7DB62-F429-42A0-BDCE-D5B5C6B9A476}.Debug|Win x64.Build.0 = Debug|x64
		{53A7DB62-F429-42A0-BDCE-D5B5C6B9A476}.Debug|Win x86.ActiveCfg = Debug|Win32
		{53A7DB62-F429-42A0-BDCE-D5B5C6B9A476}.Debug|Win x86.Build.0 = Debug|Win32
		{53A7DB62-F429-42A0-BDCE-D5B5C6B9A476}.Release|Scorpio x64.ActiveCfg = Scorpio_Release|x64
		{53A7DB62-F429-42A0-BDCE-D5B5C6B9A476}.Release|Win x64.ActiveCfg = Release|x64
		{53A7DB62-F429-42A0-BDCE-D5B5C6B9A476}.Release|Win x64.Build.0 = Release|x64
		{53A7DB62-F429-42A0-BDCE-D5B5C6B9A476}.Release|Win x86.ActiveCfg = Release|Win32
		{53A7DB62-F429-42A0-BDCE-D5B5C6B9A476}.Release|Win x86.Build.0 = Release|Win32
		{31F98A5E-2DD6-42F5-BAC4-E24A994B4152}.Debug|Scorpio x64.ActiveCfg = Scorpio_Debug|x64
		{31F98A5E-2DD6-42F5-BAC4-E24A994B4152}.Debug|Win x64.ActiveCfg = Debug|x64
		{31F98A5E-2DD6-42F5-BAC4-E24A994B4152}.Debug|Win x64.Build.0 = Debug|x64
		{31F98A5E-2DD6-42F5-BAC4-E24A994B4152}.Debug|Win x86.ActiveCfg = Debug|Win32
		{31F98A5E-2DD6-42F5-BAC4-E24A994B4152}.Debug|Win x86.Build.0 = Debug|Win32
		{31F98A5E-2DD6-42F5-BAC4-E24A994B4152}.Release|Scorpio x64.ActiveCfg = Scorpio_Release|x64
		{31F98A5E-2DD6-42F5-BAC4-E24A994B4152}.Release|Win x64.ActiveCfg = Release|x64
		{31F98A5E-2DD6-42F5-BAC4-E24A994B4152}.Release|Win x64.Build.0 = Release|x64
		{31F98A5E-2DD6-42F5-BAC4-E24A994B4152}.Release|Win x86.ActiveCfg = Release|Win32
		{31F98A5E-2DD6-42F5-BAC4-E24A994B4152}.Release|Win x86.Build.0 = Release|Win32
		{C3A7D121-2196-4502-87ED-19867475B064}.Debug|Scorpio x64.ActiveCfg = Scorpio_Debug|x64
		{C3A7D121-2196-4502-87ED-19867475B064}.Debug|Scorpio x64.Build.0 = Scorpio_Debug|x64
		{C3A7D121-2196-4502-87ED-19867475B064}.Debug|Win x64.ActiveCfg = Debug|x64
		{C3A7D121-2196-4502-87ED-19867475B064}.Debug|Win x64.Build.0 = Debug|x64
		{C3A7D121-2196-4502-87ED-19867475B064}.Debug|Win x86.ActiveCfg = Debug|Win32
		{C3A7D121-2196-4502-87ED-19867475B064}.Debug|Win x86.Build.0 = Debug|Win32
		{C3A7D121-2196-4502-87ED-19867475B064}.Release|Scorpio x64.ActiveCfg = Scorpio_Release|x64
		{C3A7D121-2196-4502-87ED-19867475B064}.Release|Scorpio x64.Build.0 = Scorpio_Release|x64
		{C3A7D121-2196-4502-87ED-19867475B064}.Release|Win x64.ActiveCfg = Release|x64
		{C3A7D121-2196-4502-87ED-19867475B064}.Release|Win x64.Build.0 = Release|x64
		{C3A7D121-2196-4502-87ED-19867475B064}.Release|Win x86.ActiveCfg = Release|Win32
		{C3A7D121-2196-4502-87ED-19867475B064}.Release|Win x86.Build.0 = Release|Win32
		{79EBE2AC-8C66-4918-B769-5594C74BE223}.Debug|Scorpio x64.ActiveCfg = Scorpio_Debug|x64
		{79EBE2AC-8C66-4918-B769-5594C74BE223}.Debug|Scorpio x64.Build.0 = Scorpio_Debug|x64
		{79EBE2AC-8C66-4918-B769-5594C74BE223}.Debug|Win x64.ActiveCfg = Debug|x64
		{79EBE2AC-8C66-4918-B769-5594C74BE223}.Debug|Win x64.Build.0 = Debug|x64
		{79EBE2AC-8C66-4918-B769-5594C74BE223}.Debug|Win x86.ActiveCfg = Debug|Win32
		{79EBE2AC-8C66-4918-B769-5594C74BE223}.Debug|Win x86.Build.0 = Debug|Win32
		{79EBE2AC-8C66-4918-B769-5594C74BE223}.Release|Scorpio x64.ActiveCfg = Scorpio_Release|x64
		{79EBE2AC-8C66-4918-B769-5594C74BE223}.Release|Scorpio x64.Build.0 = Scorpio_Release|x64
		{79EBE2AC-8C66-4918-B769-5594C74BE223}.Release|Win x64.ActiveCfg = Release|x64
		{79EBE2AC-8C66-4918-B769-5594C74BE223}.Release|Win x64.Build.0 = Release|x64
		{79EBE2AC-8C66-4918-B769-5594C74BE223}.Release|Win x86.ActiveCfg = Release|Win32
		{79EBE2AC-8C66-4918-B769-5594C74BE223}.Release|Win x86.Build.0 = Release|Win32
		{FFA50111-268E-4803-BF4B-37D9BD4FB159}.Debug|Scorpio x64.ActiveCfg = Scorpio_Debug|x64
		{FFA50111-268E-4803-BF4B-37D9BD4FB159}.Debug|Win x64.ActiveCfg = Debug|x64
		{FFA50111-268E-4803-BF4B-37D9BD4FB159}.Debug|Win x64.Build.0 = Debug|x64
		{FFA50111-268E-4803-BF4B-37D9BD4FB159}.Debug|Win x86.ActiveCfg = Debug|Win32
		{FFA50111-268E-4803-BF4B-37D9BD4FB159}.Debug|Win x86.Build.0 = Debug|Win32
		{FFA50111-268E-4803-BF4B-37D9BD4FB159}.Release|Scorpio x64.ActiveCfg = Scorpio_Release|x64
		{FFA50111-268E-4803-BF4B-37D9BD4FB159}.Release|Win x64.ActiveCfg = Release|x64
		{FFA50111-268E-4803-BF4B-37D9BD4FB159}.Release|Win x64.Build.0 = Release|x64
		{FFA50111-268E-4803-BF4B-37D9BD4FB159}.Release|Win x86.ActiveCfg = Release|Win32
		{FFA50111-268E-4803-BF4B-37D9BD4FB159}.Release|Win x86.Build.0 = Release|Win32
		{B8135FB7-5DE7-49BC-ABBB-240AD59502CA}.Debug|Scorpio x64.ActiveCfg = Scorpio_Debug|x64
		{B8135FB7-5DE7-49BC-ABBB-240AD59502CA}.Debug|Scorpio x64.Build.0 = Scorpio_Debug|x64
		{B8135FB7-5DE7-49BC-ABBB-240AD59502CA}.Debug|Win x64.ActiveCfg = Debug|x64
		{B8135FB7-5DE7-49BC-ABBB-240AD59502CA}.Debug|Win x64.Build.0 = Debug|x64
		{B8135FB7-5DE7-49BC-ABBB-240AD59502CA}.Debug|Win x86.ActiveCfg = Debug|Win32
		{B8135FB7-5DE7-49BC-ABBB-240AD59502CA}.Debug|Win x86.Build.0 = Debug|Win32
		{B8135FB7-5DE7-49BC-ABBB-240AD59502CA}.Release|Scorpio x64.ActiveCfg = Scorpio_Release|x64
		{B8135FB7-5DE7-49BC-ABBB-240AD59502CA}.Release|Scorpio x64.Build.0 = Scorpio_Release|x64
		{B8135FB7-5DE7-49BC-ABBB-240AD59502CA}.Release|Win x64.ActiveCfg = Release|x64
		{B8135FB7-5DE7-49BC-ABBB-240AD59502CA}.Release|Win x64.Build.0 = Release|x64
		{B8135FB7-5DE7-49BC-ABBB-240AD59502CA}.Release|Win x86.ActiveCfg = Release|Win32
		{B8135FB7-5DE7-49BC-ABBB-240AD59502CA}.Release|Win x86.Build.0 = Release|Win32
		{D223FC7D-F946-4E8E-9194-BC4A065AE7EA}.Debug|Scorpio x64.ActiveCfg = Scorpio_Debug|x64
		{D223FC7D-F946-4E8E-9194-BC4A065AE7EA}.Debug|Scorpio x64.Build.0 = Scorpio_Debug|x64
		{D223FC7D-F946-4E8E-9194-BC4A065AE7EA}.Debug|Win x64.ActiveCfg = Debug|x64
		{D223FC7D-F946-4E8E-9194-BC4A065AE7EA}.Debug|Win x64.Build.0 = Debug|x64
		{D223FC7D-F946-4E8E-9194-BC4A065AE7EA}.Debug|Win x86.ActiveCfg = Debug|Win32
		{D223FC7D-F946-4E8E-9194-BC4A065AE7EA}.Debug|Win x86.Build.0 = Debug|Win32
		{D223FC7D-F946-4E8E-9194-BC4A065AE7EA}.Release|Scorpio x64.ActiveCfg = Scorpio_Release|x64
		{D223FC7D-F946-4E8E-9194-BC4A065AE7EA}.Release|Scorpio x64.Build.0 = Scorpio_Release|x64
		{D223FC7D-F946-4E8E-9194-BC4A065AE7EA}.Release|Win x64.ActiveCfg = Release|x64
		{D223FC7D-F946-4E8E-9194-BC4A065AE7EA}.Release|Win x64.Build.0 = Release|x64
		{D223FC7D-F946-4E8E-9194-BC4A065AE7EA}.Release|Win x86.ActiveCfg = Release|Win32
		{D223FC7D-F946-4E8E-9194-BC4A065AE7EA}.Release|Win x86.Build.0 = Release|Win32
		{95A0A188-FEB1-4146-9B8D-FDD6E669D535}.Debug|Scorpio x64.ActiveCfg = Scorpio_Debug|x64
		{95A0A188-FEB1-4146-9B8D-FDD6E669D535}.Debug|Win x64.ActiveCfg = Debug|x64
		{95A0A188-FEB1-4146-9B8D-FDD6E669D535}.Debug|Win x64.Build.0 = Debug|x64
		{95A0A188-FEB1-4146-9B8D-FDD6E669D535}.Debug|Win x86.ActiveCfg = Debug|Win32
		{95A0A188-FEB1-4146-9B8D-FDD6E669D535}.Debug|Win x86.Build.0 = Debug|Win32
		{95A0A188-FEB1-4146-9B8D-FDD6E669D535}.Release|Scorpio x64.ActiveCfg = Scorpio_Release|x64
		{95A0A188-FEB1-4146-9B8D-FDD6E669D535}.Release|Win x64.ActiveCfg = Release|x64
		{95A0A188-FEB1-4146-9B8D-FDD6E669D535}.Release|Win x64.Build.0 = Release|x64
		{95A0A188-FEB1-4146-9B8D-FDD6E669D535}.Release|Win x86.ActiveCfg = Release|Win32
		{95A0A188-FEB1-4146-9B8D-FDD6E669D535}.Release|Win x86.Build.0 = Release|Win32
		{F76E1777-D090-478F-B405-8994D0B5FF56}.Debug|Scorpio x64.ActiveCfg = Scorpio_Debug|x64
		{F76E1777-D090-478F-B405-8994D0B5FF56}.Debug|Scorpio x64.Build.0 = Scorpio_Debug|x64
		{F76E1777-D090-478F-B405-8994D0B5FF56}.Debug|Win x64.ActiveCfg = Debug|x64
		{F76E1777-D090-478F-B405-8994D0B5FF56}.Debug|Win x64.Build.0 = Debug|x64
		{F76E1777-D090-478F-B405-8994D0B5FF56}.Debug|Win x86.ActiveCfg = Debug|Win32
		{F76E1777-D090-478F-B405-8994D0B5FF56}.Debug|Win x86.Build.0 = Debug|Win32
		{F76E1777-D090-478F-B405-8994D0B5FF56}.Release|Scorpio x64.ActiveCfg = Scorpio_Release|x64
		{F76E1777-D090-478F-B405-8994D0B5FF56}.Release|Scorpio x64.Build.0 = Scorpio_Release|x64
		{F76E1777-D090-478F-B405-8994D0B5FF56}.Release|Win x64.ActiveCfg = Release|x64
		{F76E1777-D090-478F-B405-8994D0B5FF56}.Release|Win x64.Build.0 = Release|x64
		{F76E1777-D090-478F-B405-8994D0B5FF56}.Release|Win x86.ActiveCfg = Release|Win32
		{F76E1777-D090-478F-B405-8994D0B5FF56}.Release|Win x86.Build.0 = Release|Win32
		{100D0621-9F4F-4FAE-8E84-BEDAB0E3D782}.Debug|Scorpio x64.ActiveCfg = Scorpio_Debug|x64
		{100D0621-9F4F-4FAE-8E84-BEDAB0E3D782}.Debug|Scorpio x64.Build.0 = Scorpio_Debug|x64
		{100D0621-9F4F-4FAE-8E84-BEDAB0E3D782}.Debug|Win x64.ActiveCfg = Debug|x64
		{100D0621-9F4F-4FAE-8E84-BEDAB0E3D782}.Debug|Win x64.Build.0 = Debug|x64
		{100D0621-9F4F-4FAE-8E84-BEDAB0E3D782}.Debug|Win x86.ActiveCfg = Debug|Win32
		{100D0621-9F4F-4FAE-8E84-BEDAB0E3D782}.Debug|Win x86.Build.0 = Debug|Win32
		{100D0621-9F4F-4FAE-8E84-BEDAB0E3D782}.Release|Scorpio x64.ActiveCfg = Scorpio_Release|x64
		{100D0621-9F4F-4FAE-8E84-BEDAB0E3D782}.Release|Scorpio x64.Build.0 = Scorpio_Release|x64
		{100D0621-9F4F-4FAE-8E84-BEDAB0E3D782}.Release|Win x64.ActiveCfg = Release|x64
		{100D0621-9F4F-4FAE-8E84-BEDAB0E3D782}.Release|Win x64.Build.0 = Release|x64
		{100D0621-9F4F-4FAE-8E84-BEDAB0E3D782}.Release|Win x86.ActiveCfg = Release|Win32
		{100D0621-9F4F-4FAE-8E84-BEDAB0E3D782}.Release|Win x86.Build.0 = Release|Win32
		{A4E254F2-67A1-4789-81CA-C700A008CAE9}.Debug|Scorpio x64.ActiveCfg = Scorpio_Debug|x64
		{A4E254F2-67A1-4789-81CA-C700A008CAE9}.Debug|Scorpio x64.Build.0 = Scorpio_Debug|x64
		{A4E254F2-67A1-4789-81CA-C700A008CAE9}.Debug|Win x64.ActiveCfg = Debug|x64
		{A4E254F2-67A1-4789-81CA-C700A008CAE9}.Debug|Win x64.Build.0 = Debug|x64
		{A4E254F2-67A1-4789-81CA-C700A008CAE9}.Debug|Win x86.ActiveCfg = Debug|Win32
		{A4E254F2-67A1-4789-81CA-C700A008CAE9}.Debug|Win x86.Build.0 = Debug|Win32
		{A4E254F2-67A1-4789-81CA-C700A008CAE9}.Release|Scorpio x64.ActiveCfg = Scorpio_Release|x64
		{A4E254F2-67A1-4789-81CA-C700A008CAE9}.Release|Scorpio x64.Build.0 = Scorpio_Release|x64
		{A4E254F2-67A1-4789-81CA-C700A008CAE9}.Release|Win x64.ActiveCfg = Release|x64
		{A4E254F2-67A1-4789-81CA-C700A008CAE9}.Release|Win x64.Build.0 = Release|x64
		{A4E254F2-67A1-4789-81CA-C700A008CAE9}.Release|Win x86.ActiveCfg = Release|Win32
		{A4E254F2-67A1-4789-81CA-C700A008CAE9}.Release|Win x86.Build.0 = Release|Win32
		{8A080430-0D2D-48FD-AB62-5FED86B0359C}.Debug|Scorpio x64.ActiveCfg = Scorpio_Debug|x64
		{8A080430-0D2D-48FD-AB62-5FED86B0359C}.Debug|Scorpio x64.Build.0 = Scorpio_Debug|x64
		{8A080430-0D2D-48FD-AB62-5FED86B0359C}.Debug|Win x64.ActiveCfg = Debug|x64
		{8A080430-0D2D-48FD-AB62-5FED86B0359C}.Debug|Win x64.Build.0 = Debug|x64
		{8A080430-0D2D-48FD-AB62-5FED86B0359C}.Debug|Win x86.ActiveCfg = Debug|Win32
		{8A080430-0D2D-48FD-AB62-5FED86B0359C}.Debug|Win x86.Build.0 = Debug|Win32
		{8A080430-0D2D-48FD-AB62-5FED86B0359C}.Release|Scorpio x64.ActiveCfg = Scorpio_Release|x64
		{8A080430-0D2D-48FD-AB62-5FED86B0359C}.Release|Scorpio x64.Build.0 = Scorpio_Release|x64
		{8A080430-0D2D-48FD-AB62-5FED86B0359C}.Release|Win x64.ActiveCfg = Release|x64
		{8A080430-0D2D-48FD-AB62-5FED86B0359C}.Release|Win x64.Build.0 = Release|x64
		{8A080430-0D2D-48FD-AB62-5FED86B0359C}.Release|Win x86.ActiveCfg = Release|Win32
		{8A080430-0D2D-48FD-AB62-5FED86B0359C}.Release|Win x86.Build.0 = Release|Win32
		{7E7B25F5-F77D-47B3-9BA4-07400CF4EC68}.Debug|Scorpio x64.ActiveCfg = Scorpio_Debug|x64
		{7E7B25F5-F77D-47B3-9BA4-07400CF4EC68}.Debug|Scorpio x64.Build.0 = Scorpio_Debug|x64
		{7E7B25F5-F77D-47B3-9BA4-07400CF4EC68}.Debug|Win x64.ActiveCfg = Debug|x64
		{7E7B25F5-F77D-47B3-9BA4-07400CF4EC68}.Debug|Win x64.Build.0 = Debug|x64
		{7E7B25F5-F77D-47B3-9BA4-07400CF4EC68}.Debug|Win x86.ActiveCfg = Debug|Win32
		{7E7B25F5-F77D-47B3-9BA4-07400CF4EC68}.Debug|Win x86.Build.0 = Debug|Win32
		{7E7B25F5-F77D-47B3-9BA4-07400CF4EC68}.Release|Scorpio x64.ActiveCfg = Scorpio_Release|x64
		{7E7B25F5-F77D-47B3-9BA4-07400CF4EC68}.Release|Scorpio x64.Build.0 = Scorpio_Release|x64
		{7E7B25F5-F77D-47B3-9BA4-07400CF4EC68}.Release|Win x64.ActiveCfg = Release|x64
		{7E7B25F5-F77D-47B3-9BA4-07400CF4EC68}.Release|Win x64.Build.0 = Release|x64
		{7E7B25F5-F77D-47B3-9BA4-07400CF4EC68}.Release|Win x86.ActiveCfg = Release|Win32
		{7E7B25F5-F77D-47B3-9BA4-07400CF4EC68}.Release|Win x86.Build.0 = Release|Win32
		{498A0D39-D6C1-426A-B645-6FFE1A83A3C8}.Debug|Scorpio x64.ActiveCfg = Scorpio_Debug|x64
		{498A0D39-D6C1-426A-B645-6FFE1A83A3C8}.Debug|Scorpio x64.Build.0 = Scorpio_Debug|x64
		{498A0D39-D6C1-426A-B645-6FFE1A83A3C8}.Debug|Win x64.ActiveCfg = Debug|x64
		{498A0D39-D6C1-426A-B645-6FFE1A83A3C8}.Debug|Win x64.Build.0 = Debug|x64
		{498A0D39-D6C1-426A-B645-6FFE1A83A3C8}.Debug|Win x86.ActiveCfg = Debug|Win32
		{498A0D39-D6C1-426A-B645-6FFE1A83A3C8}.Debug|Win x86.Build.0 = Debug|Win32
		{498A0D39-D6C1-426A-B645-6FFE1A83A3C8}.Release|Scorpio x64.ActiveCfg = Scorpio_Release|x64
		{498A0D39-D6C1-426A-B645-6FFE1A83A3C8}.Release|Scorpio x64.Build.0 = Scorpio_Release|x64
		{498A0D39-D6C1-426A-B645-6FFE1A83A3C8}.Release|Win x64.ActiveCfg = Release|x64
		{498A0D39-D6C1-426A-B645-6FFE1A83A3C8}.Release|Win x64.Build.0 = Release|x64
		{498A0D39-D6C1-426A-B645-6FFE1A83A3C8}.Release|Win x86.ActiveCfg = Release|Win32
		{498A0D39-D6C1-426A-B645-6FFE1A83A3C8}.Release|Win x86.Build.0 = Release|Win32
		{06952909-898A-43E8-96AD-C77DC40D8000}.Debug|Scorpio x64.ActiveCfg = Scorpio_Debug|x64
		{06952909-898A-43E8-96AD-C77DC40D8000}.Debug|Scorpio x64.Build.0 = Scorpio_Debug|x64
		{06952909-898A-43E8-96AD-C77DC40D8000}.Debug|Win x64.ActiveCfg = Debug|x64
		{06952909-898A-43E8-96AD-C77DC40D8000}.Debug|Win x64.Build.0 = Debug|x64
		{06952909-898A-43E8-96AD-C77DC40D8000}.Debug|Win x86.ActiveCfg = Debug|Win32
		{06952909-898A-43E8-96AD-C77DC40D8000}.Debug|Win x86.Build.0 = Debug|Win32
		{06952909-898A-43E8-96AD-C77DC40D8000}.Release|Scorpio x64.ActiveCfg = Scorpio_Release|x64
		{06952909-898A-43E8-96AD-C77DC40D8000}.Release|Scorpio x64.Build.0 = Scorpio_Release|x64
		{06952909-898A-43E8-96AD-C77DC40D8000}.Release|Win x64.ActiveCfg = Release|x64
		{06952909-898A-43E8-96AD-C77DC40D8000}.Release|Win x64.Build.0 = Release|x64
		{06952909-898A-43E8-96AD-C77DC40D8000}.Release|Win x86.ActiveCfg = Release|Win32
		{06952909-898A-43E8-96AD-C77DC40D8000}.Release|Win x86.Build.0 = Release|Win32
		{1F8180B0-B7B5-49F2-B807-A6CFE95B3C73}.Debug|Scorpio x64.ActiveCfg = Scorpio_Debug|x64
		{1F8180B0-B7B5-49F2-B807-A6CFE95B3C73}.Debug|Scorpio x64.Build.0 = Scorpio_Debug|x64
		{1F8180B0-B7B5-49F2-B807-A6CFE95B3C73}.Debug|Win x64.ActiveCfg = Debug|x64
		{1F8180B0-B7B5-49F2-B807-A6CFE95B3C73}.Debug|Win x64.Build.0 = Debug|x64
		{1F8180B0-B7B5-49F2-B807-A6CFE95B3C73}.Debug|Win x86.ActiveCfg = Debug|Win32
		{1F8180B0-B7B5-49F2-B807-A6CFE95B3C73}.Debug|Win x86.Build.0 = Debug|Win32
		{1F8180B0-B7B5-49F2-B807-A6CFE95B3C73}.Release|Scorpio x64.ActiveCfg = Scorpio_Release|x64
		{1F8180B0-B7B5-49F2-B807-A6CFE95B3C73}.Release|Scorpio x64.Build.0 = Scorpio_Release|x64
		{1F8180B0-B7B5-49F2-B807-A6CFE95B3C73}.Release|Win x64.ActiveCfg = Release|x64
		{1F8180B0-B7B5-49F2-B807-A6CFE95B3C73}.Release|Win x64.Build.0 = Release|x64
		{1F8180B0-B7B5-49F2-B807-A6CFE95B3C73}.Release|Win x86.ActiveCfg = Release|Win32
		{1F8180B0-B7B5-49F2-B807-A6CFE95B3C73}.Release|Win x86.Build.0 = Release|Win32
		{9B15CE6C-0F19-4126-91F8-8B12C72D7A14}.Debug|Scorpio x64.ActiveCfg = Scorpio_Debug|x64
		{9B15CE6C-0F19-4126-91F8-8B12C72D7A14}.Debug|Scorpio x64.Build.0 = Scorpio_Debug|x64
		{9B15CE6C-0F19-4126-91F8-8B12C72D7A14}.Debug|Win x64.ActiveCfg = Debug|x64
		{9B15CE6C-0F19-4126-91F8-8B12C72D7A14}.Debug|Win x64.Build.0 = Debug|x64
		{9B15CE6C-0F19-4126-91F8-8B12C72D7A14}.Debug|Win x86.ActiveCfg = Debug|Win32
		{9B15CE6C-0F19-4126-91F8-8B12C72D7A14}.Debug|Win x86.Build.0 = Debug|Win32
		{9B15CE6C-0F19-4126-91F8-8B12C72D7A14}.Release|Scorpio x64.ActiveCfg = Scorpio_Release|x64
		{9B15CE6C-0F19-4126-91F8-8B12C72D7A14}.Release|Scorpio x64.Build.0 = Scorpio_Release|x64
		{9B15CE6C-0F19-4126-91F8-8B12C72D7A14}.Release|Win x64.ActiveCfg = Release|x64
		{9B15CE6C-0F19-4126-91F8-8B12C72D7A14}.Release|Win x64.Build.0 = Release|x64
		{9B15CE6C-0F19-4126-91F8-8B12C72D7A14}.Release|Win x86.ActiveCfg = Release|Win32
		{9B15CE6C-0F19-4126-91F8-8B12C72D7A14}.Release|Win x86.Build.0 = Release|Win32
		{EC8C445A-86B5-4B96-B60E-45AD89F2522A}.Debug|Scorpio x64.ActiveCfg = Scorpio_Debug|x64
		{EC8C445A-86B5-4B96-B60E-45AD89F2522A}.Debug|Scorpio x64.Build.0 = Scorpio_Debug|x64
		{EC8C445A-86B5-4B96-B60E-45AD89F2522A}.Debug|Scorpio x64.Deploy.0 = Scorpio_Debug|x64
		{EC8C445A-86B5-4B96-B60E-45AD89F2522A}.Debug|Win x64.ActiveCfg = Debug|Win32
		{EC8C445A-86B5-4B96-B60E-45AD89F2522A}.Debug|Win x86.ActiveCfg = Debug|Win32
		{EC8C445A-86B5-4B96-B60E-45AD89F2522A}.Release|Scorpio x64.ActiveCfg = Scorpio_Release|x64
		{EC8C445A-86B5-4B96-B60E-45AD89F2522A}.Release|Scorpio x64.Build.0 = Scorpio_Release|x64
		{EC8C445A-86B5-4B96-B60E-45AD89F2522A}.Release|Scorpio x64.Deploy.0 = Scorpio_Release|x64
		{EC8C445A-86B5-4B96-B60E-45AD89F2522A}.Release|Win x64.ActiveCfg = Release|x64
		{EC8C445A-86B5-4B96-B60E-45AD89F2522A}.Release|Win x86.ActiveCfg = Release|Win32
	EndGlobalSection
	GlobalSection(SolutionProperties) = preSolution
		HideSolutionNode = FALSE
	EndGlobalSection
	GlobalSection(NestedProjects) = preSolution
		{21CD5A96-8CFC-4B02-9993-CFA046A96865} = {BD2942FD-F883-47A3-A297-5F090B471F23}
		{74DD9ED6-B2C7-42AA-A4D6-57C57E9CC2AD} = {BD2942FD-F883-47A3-A297-5F090B471F23}
		{2B8B514F-33BA-4B6C-A27D-8728C2CCD426} = {BD2942FD-F883-47A3-A297-5F090B471F23}
		{ED090415-2DE5-4779-8ABA-E06ABE1D440D} = {BD2942FD-F883-47A3-A297-5F090B471F23}
		{53A7DB62-F429-42A0-BDCE-D5B5C6B9A476} = {A0589F87-F4DE-40EB-8B8C-FEA25CA9E2C0}
		{31F98A5E-2DD6-42F5-BAC4-E24A994B4152} = {A0589F87-F4DE-40EB-8B8C-FEA25CA9E2C0}
		{C3A7D121-2196-4502-87ED-19867475B064} = {BD2942FD-F883-47A3-A297-5F090B471F23}
		{79EBE2AC-8C66-4918-B769-5594C74BE223} = {BD2942FD-F883-47A3-A297-5F090B471F23}
		{FFA50111-268E-4803-BF4B-37D9BD4FB159} = {A0589F87-F4DE-40EB-8B8C-FEA25CA9E2C0}
		{B8135FB7-5DE7-49BC-ABBB-240AD59502CA} = {BD2942FD-F883-47A3-A297-5F090B471F23}
		{D223FC7D-F946-4E8E-9194-BC4A065AE7EA} = {BD2942FD-F883-47A3-A297-5F090B471F23}
		{95A0A188-FEB1-4146-9B8D-FDD6E669D535} = {A0589F87-F4DE-40EB-8B8C-FEA25CA9E2C0}
		{F76E1777-D090-478F-B405-8994D0B5FF56} = {BD2942FD-F883-47A3-A297-5F090B471F23}
		{100D0621-9F4F-4FAE-8E84-BEDAB0E3D782} = {BD2942FD-F883-47A3-A297-5F090B471F23}
		{A4E254F2-67A1-4789-81CA-C700A008CAE9} = {BD2942FD-F883-47A3-A297-5F090B471F23}
		{8A080430-0D2D-48FD-AB62-5FED86B0359C} = {BD2942FD-F883-47A3-A297-5F090B471F23}
		{7E7B25F5-F77D-47B3-9BA4-07400CF4EC68} = {BD2942FD-F883-47A3-A297-5F090B471F23}
		{498A0D39-D6C1-426A-B645-6FFE1A83A3C8} = {BD2942FD-F883-47A3-A297-5F090B471F23}
		{06952909-898A-43E8-96AD-C77DC40D8000} = {EAF2BA69-CCAF-41B9-9E1A-EB223C37B8C1}
		{1F8180B0-B7B5-49F2-B807-A6CFE95B3C73} = {BD2942FD-F883-47A3-A297-5F090B471F23}
		{9B15CE6C-0F19-4126-91F8-8B12C72D7A14} = {BD2942FD-F883-47A3-A297-5F090B471F23}
		{EC8C445A-86B5-4B96-B60E-45AD89F2522A} = {A0589F87-F4DE-40EB-8B8C-FEA25CA9E2C0}
	EndGlobalSection
	GlobalSection(ExtensibilityGlobals) = postSolution
		SolutionGuid = {26AE7A16-6CDD-4BE1-868E-E3C947662BE0}
	EndGlobalSection
EndGlobal
