<?xml version="1.0" encoding="utf-8"?>
<Project ToolsVersion="4.0" xmlns="http://schemas.microsoft.com/developer/msbuild/2003">
  <ItemGroup>
    <ClInclude Include="FFX.h" />
    <ClInclude Include="System.h" />
    <ClInclude Include="Technique.h" />
    <ClInclude Include="Effect.h" />
    <ClInclude Include="FxLexer.h">
      <Filter>Compiler</Filter>
    </ClInclude>
    <ClInclude Include="Variable.h">
      <Filter>Common</Filter>
    </ClInclude>
    <ClInclude Include="Declaration.h">
      <Filter>Common</Filter>
    </ClInclude>
    <ClInclude Include="FxCompiler.h">
      <Filter>Compiler</Filter>
    </ClInclude>
    <ClInclude Include="Buffer.h">
      <Filter>Common</Filter>
    </ClInclude>
  </ItemGroup>
  <ItemGroup>
    <ClCompile Include="FFX.cpp" />
    <ClCompile Include="System.cpp" />
    <ClCompile Include="FxLexer.cpp">
      <Filter>Compiler</Filter>
    </ClCompile>
    <ClCompile Include="Variable.cpp">
      <Filter>Common</Filter>
    </ClCompile>
    <ClCompile Include="FxCompiler.cpp">
      <Filter>Compiler</Filter>
    </ClCompile>
    <ClCompile Include="Buffer.cpp">
      <Filter>Common</Filter>
    </ClCompile>
    <ClCompile Include="Effect.cpp" />
  </ItemGroup>
  <ItemGroup>
    <Filter Include="Runtime">
      <UniqueIdentifier>{2ca0e047-3fa9-4bb8-8431-14b37ce2299f}</UniqueIdentifier>
    </Filter>
    <Filter Include="Common">
      <UniqueIdentifier>{4a8baf67-53b2-400a-bd33-aeedfdb8c591}</UniqueIdentifier>
    </Filter>
    <Filter Include="Compiler">
      <UniqueIdentifier>{e563aaf3-11a1-4f97-9ba5-bf359a286b01}</UniqueIdentifier>
    </Filter>
  </ItemGroup>
</Project>